
Microsoft Visual Studio Solution File, Format Version 12.00
# Visual Studio 15
VisualStudioVersion = 15.0.27130.2010
MinimumVisualStudioVersion = 10.0.40219.1
Project("{FAE04EC0-301F-11D3-BF4B-00C04F79EFBC}") = "ImageEditor", "ImageEditor\ImageEditor.csproj", "{840F1E7A-99E1-408B-9A3D-B4DA408748DB}"
EndProject
Global
	GlobalSection(SolutionConfigurationPlatforms) = preSolution
		Debug|Any CPU = Debug|Any CPU
		Release|Any CPU = Release|Any CPU
	EndGlobalSection
	GlobalSection(ProjectConfigurationPlatforms) = postSolution
		{840F1E7A-99E1-408B-9A3D-B4DA408748DB}.Debug|Any CPU.ActiveCfg = Debug|Any CPU
		{840F1E7A-99E1-408B-9A3D-B4DA408748DB}.Debug|Any CPU.Build.0 = Debug|Any CPU
		{840F1E7A-99E1-408B-9A3D-B4DA408748DB}.Debug|Any CPU.Deploy.0 = Debug|Any CPU
		{840F1E7A-99E1-408B-9A3D-B4DA408748DB}.Release|Any CPU.ActiveCfg = Release|Any CPU
		{840F1E7A-99E1-408B-9A3D-B4DA408748DB}.Release|Any CPU.Build.0 = Release|Any CPU
		{840F1E7A-99E1-408B-9A3D-B4DA408748DB}.Release|Any CPU.Deploy.0 = Release|Any CPU
	EndGlobalSection
	GlobalSection(SolutionProperties) = preSolution
		HideSolutionNode = FALSE
	EndGlobalSection
	GlobalSection(ExtensibilityGlobals) = postSolution
		SolutionGuid = {45FB5A14-16CD-4C99-A7AA-21DC411AA649}
	EndGlobalSection
EndGlobal
